
Microsoft Visual Studio Solution File, Format Version 12.00
# Visual Studio Version 16
VisualStudioVersion = 16.0.31019.35
MinimumVisualStudioVersion = 10.0.40219.1
Project("{FAE04EC0-301F-11D3-BF4B-00C04F79EFBC}") = "Automaten", "Automaten\Automaten.csproj", "{57AEF21D-523A-47EA-BAA9-08A885D21EF2}"
EndProject
Global
	GlobalSection(SolutionConfigurationPlatforms) = preSolution
		Debug|Any CPU = Debug|Any CPU
		Release|Any CPU = Release|Any CPU
	EndGlobalSection
	GlobalSection(ProjectConfigurationPlatforms) = postSolution
		{57AEF21D-523A-47EA-BAA9-08A885D21EF2}.Debug|Any CPU.ActiveCfg = Debug|Any CPU
		{57AEF21D-523A-47EA-BAA9-08A885D21EF2}.Debug|Any CPU.Build.0 = Debug|Any CPU
		{57AEF21D-523A-47EA-BAA9-08A885D21EF2}.Release|Any CPU.ActiveCfg = Release|Any CPU
		{57AEF21D-523A-47EA-BAA9-08A885D21EF2}.Release|Any CPU.Build.0 = Release|Any CPU
	EndGlobalSection
	GlobalSection(SolutionProperties) = preSolution
		HideSolutionNode = FALSE
	EndGlobalSection
	GlobalSection(ExtensibilityGlobals) = postSolution
		SolutionGuid = {4AB34B8D-B6D7-4129-9B58-5EC94F3E58D6}
	EndGlobalSection
EndGlobal
